
Microsoft Visual Studio Solution File, Format Version 12.00
# Visual Studio Version 16
VisualStudioVersion = 16.0.29424.173
MinimumVisualStudioVersion = 10.0.40219.1
Project("{FAE04EC0-301F-11D3-BF4B-00C04F79EFBC}") = "vertical", "vertical\vertical.csproj", "{F3CA0D35-0419-430C-B00D-F23D8CC76228}"
EndProject
Global
	GlobalSection(SolutionConfigurationPlatforms) = preSolution
		Debug|Any CPU = Debug|Any CPU
		Release|Any CPU = Release|Any CPU
	EndGlobalSection
	GlobalSection(ProjectConfigurationPlatforms) = postSolution
		{F3CA0D35-0419-430C-B00D-F23D8CC76228}.Debug|Any CPU.ActiveCfg = Debug|Any CPU
		{F3CA0D35-0419-430C-B00D-F23D8CC76228}.Debug|Any CPU.Build.0 = Debug|Any CPU
		{F3CA0D35-0419-430C-B00D-F23D8CC76228}.Release|Any CPU.ActiveCfg = Release|Any CPU
		{F3CA0D35-0419-430C-B00D-F23D8CC76228}.Release|Any CPU.Build.0 = Release|Any CPU
	EndGlobalSection
	GlobalSection(SolutionProperties) = preSolution
		HideSolutionNode = FALSE
	EndGlobalSection
	GlobalSection(ExtensibilityGlobals) = postSolution
		SolutionGuid = {C04E41AD-7900-44D6-A8DD-C4C604CD8D64}
	EndGlobalSection
EndGlobal
